
Microsoft Visual Studio Solution File, Format Version 12.00
# Visual Studio Version 17
VisualStudioVersion = 17.8.34525.116
MinimumVisualStudioVersion = 10.0.40219.1
Project("{8BC9CEB8-8B4A-11D0-8D11-00A0C91BC942}") = "lab3.1", "lab3.1\lab3.1.vcxproj", "{F0C12433-E281-4070-AC78-6DD0845C7D29}"
EndProject
Project("{2150E333-8FDC-42A3-9474-1A3956D46DE8}") = "Элементы решения", "Элементы решения", "{05F65725-017F-471B-9994-9F0DE2AEBC91}"
	ProjectSection(SolutionItems) = preProject
		lab3.1\FILE1.txt = lab3.1\FILE1.txt
		lab3.1\FILE2.txt = lab3.1\FILE2.txt
	EndProjectSection
EndProject
Global
	GlobalSection(SolutionConfigurationPlatforms) = preSolution
		Debug|x64 = Debug|x64
		Debug|x86 = Debug|x86
		Release|x64 = Release|x64
		Release|x86 = Release|x86
	EndGlobalSection
	GlobalSection(ProjectConfigurationPlatforms) = postSolution
		{F0C12433-E281-4070-AC78-6DD0845C7D29}.Debug|x64.ActiveCfg = Debug|x64
		{F0C12433-E281-4070-AC78-6DD0845C7D29}.Debug|x64.Build.0 = Debug|x64
		{F0C12433-E281-4070-AC78-6DD0845C7D29}.Debug|x86.ActiveCfg = Debug|Win32
		{F0C12433-E281-4070-AC78-6DD0845C7D29}.Debug|x86.Build.0 = Debug|Win32
		{F0C12433-E281-4070-AC78-6DD0845C7D29}.Release|x64.ActiveCfg = Release|x64
		{F0C12433-E281-4070-AC78-6DD0845C7D29}.Release|x64.Build.0 = Release|x64
		{F0C12433-E281-4070-AC78-6DD0845C7D29}.Release|x86.ActiveCfg = Release|Win32
		{F0C12433-E281-4070-AC78-6DD0845C7D29}.Release|x86.Build.0 = Release|Win32
	EndGlobalSection
	GlobalSection(SolutionProperties) = preSolution
		HideSolutionNode = FALSE
	EndGlobalSection
	GlobalSection(ExtensibilityGlobals) = postSolution
		SolutionGuid = {8F52B35C-E09C-412C-8A28-6EB4071EF53D}
	EndGlobalSection
EndGlobal
